// !$*UTF8*$!
{
	archiveVersion = 1;
	classes = {
	};
	objectVersion = 46;
	objects = {

/* Begin PBXBuildFile section */
		6F04940B1EC574C0000CB379 /* AppDelegate.swift in Sources */ = {isa = PBXBuildFile; fileRef = 6F04940A1EC574C0000CB379 /* AppDelegate.swift */; };
		6F04940D1EC574C0000CB379 /* ViewController.swift in Sources */ = {isa = PBXBuildFile; fileRef = 6F04940C1EC574C0000CB379 /* ViewController.swift */; };
		6F0494101EC574C0000CB379 /* Main.storyboard in Resources */ = {isa = PBXBuildFile; fileRef = 6F04940E1EC574C0000CB379 /* Main.storyboard */; };
		6F0494121EC574C0000CB379 /* Assets.xcassets in Resources */ = {isa = PBXBuildFile; fileRef = 6F0494111EC574C0000CB379 /* Assets.xcassets */; };
		6F0494151EC574C0000CB379 /* LaunchScreen.storyboard in Resources */ = {isa = PBXBuildFile; fileRef = 6F0494131EC574C0000CB379 /* LaunchScreen.storyboard */; };
		6F0494201EC574C0000CB379 /* NSURLSessionTests.swift in Sources */ = {isa = PBXBuildFile; fileRef = 6F04941F1EC574C0000CB379 /* NSURLSessionTests.swift */; };
		6F04942B1EC574C1000CB379 /* NSURLSessionUITests.swift in Sources */ = {isa = PBXBuildFile; fileRef = 6F04942A1EC574C1000CB379 /* NSURLSessionUITests.swift */; };
/* End PBXBuildFile section */

/* Begin PBXContainerItemProxy section */
		6F04941C1EC574C0000CB379 /* PBXContainerItemProxy */ = {
			isa = PBXContainerItemProxy;
			containerPortal = 6F0493FF1EC574BF000CB379 /* Project object */;
			proxyType = 1;
			remoteGlobalIDString = 6F0494061EC574BF000CB379;
			remoteInfo = NSURLSession;
		};
		6F0494271EC574C1000CB379 /* PBXContainerItemProxy */ = {
			isa = PBXContainerItemProxy;
			containerPortal = 6F0493FF1EC574BF000CB379 /* Project object */;
			proxyType = 1;
			remoteGlobalIDString = 6F0494061EC574BF000CB379;
			remoteInfo = NSURLSession;
		};
/* End PBXContainerItemProxy section */

/* Begin PBXFileReference section */
		6F0494071EC574BF000CB379 /* NSURLSession.app */ = {isa = PBXFileReference; explicitFileType = wrapper.application; includeInIndex = 0; path = NSURLSession.app; sourceTree = BUILT_PRODUCTS_DIR; };
		6F04940A1EC574C0000CB379 /* AppDelegate.swift */ = {isa = PBXFileReference; lastKnownFileType = sourcecode.swift; path = AppDelegate.swift; sourceTree = "<group>"; };
		6F04940C1EC574C0000CB379 /* ViewController.swift */ = {isa = PBXFileReference; lastKnownFileType = sourcecode.swift; path = ViewController.swift; sourceTree = "<group>"; };
		6F04940F1EC574C0000CB379 /* Base */ = {isa = PBXFileReference; lastKnownFileType = file.storyboard; name = Base; path = Base.lproj/Main.storyboard; sourceTree = "<group>"; };
		6F0494111EC574C0000CB379 /* Assets.xcassets */ = {isa = PBXFileReference; lastKnownFileType = folder.assetcatalog; path = Assets.xcassets; sourceTree = "<group>"; };
		6F0494141EC574C0000CB379 /* Base */ = {isa = PBXFileReference; lastKnownFileType = file.storyboard; name = Base; path = Base.lproj/LaunchScreen.storyboard; sourceTree = "<group>"; };
		6F0494161EC574C0000CB379 /* Info.plist */ = {isa = PBXFileReference; lastKnownFileType = text.plist.xml; path = Info.plist; sourceTree = "<group>"; };
		6F04941B1EC574C0000CB379 /* NSURLSessionTests.xctest */ = {isa = PBXFileReference; explicitFileType = wrapper.cfbundle; includeInIndex = 0; path = NSURLSessionTests.xctest; sourceTree = BUILT_PRODUCTS_DIR; };
		6F04941F1EC574C0000CB379 /* NSURLSessionTests.swift */ = {isa = PBXFileReference; lastKnownFileType = sourcecode.swift; path = NSURLSessionTests.swift; sourceTree = "<group>"; };
		6F0494211EC574C0000CB379 /* Info.plist */ = {isa = PBXFileReference; lastKnownFileType = text.plist.xml; path = Info.plist; sourceTree = "<group>"; };
		6F0494261EC574C1000CB379 /* NSURLSessionUITests.xctest */ = {isa = PBXFileReference; explicitFileType = wrapper.cfbundle; includeInIndex = 0; path = NSURLSessionUITests.xctest; sourceTree = BUILT_PRODUCTS_DIR; };
		6F04942A1EC574C1000CB379 /* NSURLSessionUITests.swift */ = {isa = PBXFileReference; lastKnownFileType = sourcecode.swift; path = NSURLSessionUITests.swift; sourceTree = "<group>"; };
		6F04942C1EC574C1000CB379 /* Info.plist */ = {isa = PBXFileReference; lastKnownFileType = text.plist.xml; path = Info.plist; sourceTree = "<group>"; };
/* End PBXFileReference section */

/* Begin PBXFrameworksBuildPhase section */
		6F0494041EC574BF000CB379 /* Frameworks */ = {
			isa = PBXFrameworksBuildPhase;
			buildActionMask = 2147483647;
			files = (
			);
			runOnlyForDeploymentPostprocessing = 0;
		};
		6F0494181EC574C0000CB379 /* Frameworks */ = {
			isa = PBXFrameworksBuildPhase;
			buildActionMask = 2147483647;
			files = (
			);
			runOnlyForDeploymentPostprocessing = 0;
		};
		6F0494231EC574C0000CB379 /* Frameworks */ = {
			isa = PBXFrameworksBuildPhase;
			buildActionMask = 2147483647;
			files = (
			);
			runOnlyForDeploymentPostprocessing = 0;
		};
/* End PBXFrameworksBuildPhase section */

/* Begin PBXGroup section */
		6F0493FE1EC574BF000CB379 = {
			isa = PBXGroup;
			children = (
				6F0494091EC574BF000CB379 /* NSURLSession */,
				6F04941E1EC574C0000CB379 /* NSURLSessionTests */,
				6F0494291EC574C1000CB379 /* NSURLSessionUITests */,
				6F0494081EC574BF000CB379 /* Products */,
			);
			sourceTree = "<group>";
		};
		6F0494081EC574BF000CB379 /* Products */ = {
			isa = PBXGroup;
			children = (
				6F0494071EC574BF000CB379 /* NSURLSession.app */,
				6F04941B1EC574C0000CB379 /* NSURLSessionTests.xctest */,
				6F0494261EC574C1000CB379 /* NSURLSessionUITests.xctest */,
			);
			name = Products;
			sourceTree = "<group>";
		};
		6F0494091EC574BF000CB379 /* NSURLSession */ = {
			isa = PBXGroup;
			children = (
				6F04940A1EC574C0000CB379 /* AppDelegate.swift */,
				6F04940C1EC574C0000CB379 /* ViewController.swift */,
				6F04940E1EC574C0000CB379 /* Main.storyboard */,
				6F0494111EC574C0000CB379 /* Assets.xcassets */,
				6F0494131EC574C0000CB379 /* LaunchScreen.storyboard */,
				6F0494161EC574C0000CB379 /* Info.plist */,
			);
			path = NSURLSession;
			sourceTree = "<group>";
		};
		6F04941E1EC574C0000CB379 /* NSURLSessionTests */ = {
			isa = PBXGroup;
			children = (
				6F04941F1EC574C0000CB379 /* NSURLSessionTests.swift */,
				6F0494211EC574C0000CB379 /* Info.plist */,
			);
			path = NSURLSessionTests;
			sourceTree = "<group>";
		};
		6F0494291EC574C1000CB379 /* NSURLSessionUITests */ = {
			isa = PBXGroup;
			children = (
				6F04942A1EC574C1000CB379 /* NSURLSessionUITests.swift */,
				6F04942C1EC574C1000CB379 /* Info.plist */,
			);
			path = NSURLSessionUITests;
			sourceTree = "<group>";
		};
/* End PBXGroup section */

/* Begin PBXNativeTarget section */
		6F0494061EC574BF000CB379 /* NSURLSession */ = {
			isa = PBXNativeTarget;
			buildConfigurationList = 6F04942F1EC574C1000CB379 /* Build configuration list for PBXNativeTarget "NSURLSession" */;
			buildPhases = (
				6F0494031EC574BF000CB379 /* Sources */,
				6F0494041EC574BF000CB379 /* Frameworks */,
				6F0494051EC574BF000CB379 /* Resources */,
			);
			buildRules = (
			);
			dependencies = (
			);
			name = NSURLSession;
			productName = NSURLSession;
			productReference = 6F0494071EC574BF000CB379 /* NSURLSession.app */;
			productType = "com.apple.product-type.application";
		};
		6F04941A1EC574C0000CB379 /* NSURLSessionTests */ = {
			isa = PBXNativeTarget;
			buildConfigurationList = 6F0494321EC574C1000CB379 /* Build configuration list for PBXNativeTarget "NSURLSessionTests" */;
			buildPhases = (
				6F0494171EC574C0000CB379 /* Sources */,
				6F0494181EC574C0000CB379 /* Frameworks */,
				6F0494191EC574C0000CB379 /* Resources */,
			);
			buildRules = (
			);
			dependencies = (
				6F04941D1EC574C0000CB379 /* PBXTargetDependency */,
			);
			name = NSURLSessionTests;
			productName = NSURLSessionTests;
			productReference = 6F04941B1EC574C0000CB379 /* NSURLSessionTests.xctest */;
			productType = "com.apple.product-type.bundle.unit-test";
		};
		6F0494251EC574C0000CB379 /* NSURLSessionUITests */ = {
			isa = PBXNativeTarget;
			buildConfigurationList = 6F0494351EC574C1000CB379 /* Build configuration list for PBXNativeTarget "NSURLSessionUITests" */;
			buildPhases = (
				6F0494221EC574C0000CB379 /* Sources */,
				6F0494231EC574C0000CB379 /* Frameworks */,
				6F0494241EC574C0000CB379 /* Resources */,
			);
			buildRules = (
			);
			dependencies = (
				6F0494281EC574C1000CB379 /* PBXTargetDependency */,
			);
			name = NSURLSessionUITests;
			productName = NSURLSessionUITests;
			productReference = 6F0494261EC574C1000CB379 /* NSURLSessionUITests.xctest */;
			productType = "com.apple.product-type.bundle.ui-testing";
		};
/* End PBXNativeTarget section */

/* Begin PBXProject section */
		6F0493FF1EC574BF000CB379 /* Project object */ = {
			isa = PBXProject;
			attributes = {
				LastSwiftUpdateCheck = 0830;
				LastUpgradeCheck = 0830;
				ORGANIZATIONNAME = "tran trung thanh";
				TargetAttributes = {
					6F0494061EC574BF000CB379 = {
						CreatedOnToolsVersion = 8.3.2;
						ProvisioningStyle = Automatic;
					};
					6F04941A1EC574C0000CB379 = {
						CreatedOnToolsVersion = 8.3.2;
						ProvisioningStyle = Automatic;
						TestTargetID = 6F0494061EC574BF000CB379;
					};
					6F0494251EC574C0000CB379 = {
						CreatedOnToolsVersion = 8.3.2;
						ProvisioningStyle = Automatic;
						TestTargetID = 6F0494061EC574BF000CB379;
					};
				};
			};
			buildConfigurationList = 6F0494021EC574BF000CB379 /* Build configuration list for PBXProject "NSURLSession" */;
			compatibilityVersion = "Xcode 3.2";
			developmentRegion = English;
			hasScannedForEncodings = 0;
			knownRegions = (
				en,
				Base,
			);
			mainGroup = 6F0493FE1EC574BF000CB379;
			productRefGroup = 6F0494081EC574BF000CB379 /* Products */;
			projectDirPath = "";
			projectRoot = "";
			targets = (
				6F0494061EC574BF000CB379 /* NSURLSession */,
				6F04941A1EC574C0000CB379 /* NSURLSessionTests */,
				6F0494251EC574C0000CB379 /* NSURLSessionUITests */,
			);
		};
/* End PBXProject section */

/* Begin PBXResourcesBuildPhase section */
		6F0494051EC574BF000CB379 /* Resources */ = {
			isa = PBXResourcesBuildPhase;
			buildActionMask = 2147483647;
			files = (
				6F0494151EC574C0000CB379 /* LaunchScreen.storyboard in Resources */,
				6F0494121EC574C0000CB379 /* Assets.xcassets in Resources */,
				6F0494101EC574C0000CB379 /* Main.storyboard in Resources */,
			);
			runOnlyForDeploymentPostprocessing = 0;
		};
		6F0494191EC574C0000CB379 /* Resources */ = {
			isa = PBXResourcesBuildPhase;
			buildActionMask = 2147483647;
			files = (
			);
			runOnlyForDeploymentPostprocessing = 0;
		};
		6F0494241EC574C0000CB379 /* Resources */ = {
			isa = PBXResourcesBuildPhase;
			buildActionMask = 2147483647;
			files = (
			);
			runOnlyForDeploymentPostprocessing = 0;
		};
/* End PBXResourcesBuildPhase section */

/* Begin PBXSourcesBuildPhase section */
		6F0494031EC574BF000CB379 /* Sources */ = {
			isa = PBXSourcesBuildPhase;
			buildActionMask = 2147483647;
			files = (
				6F04940D1EC574C0000CB379 /* ViewController.swift in Sources */,
				6F04940B1EC574C0000CB379 /* AppDelegate.swift in Sources */,
			);
			runOnlyForDeploymentPostprocessing = 0;
		};
		6F0494171EC574C0000CB379 /* Sources */ = {
			isa = PBXSourcesBuildPhase;
			buildActionMask = 2147483647;
			files = (
				6F0494201EC574C0000CB379 /* NSURLSessionTests.swift in Sources */,
			);
			runOnlyForDeploymentPostprocessing = 0;
		};
		6F0494221EC574C0000CB379 /* Sources */ = {
			isa = PBXSourcesBuildPhase;
			buildActionMask = 2147483647;
			files = (
				6F04942B1EC574C1000CB379 /* NSURLSessionUITests.swift in Sources */,
			);
			runOnlyForDeploymentPostprocessing = 0;
		};
/* End PBXSourcesBuildPhase section */

/* Begin PBXTargetDependency section */
		6F04941D1EC574C0000CB379 /* PBXTargetDependency */ = {
			isa = PBXTargetDependency;
			target = 6F0494061EC574BF000CB379 /* NSURLSession */;
			targetProxy = 6F04941C1EC574C0000CB379 /* PBXContainerItemProxy */;
		};
		6F0494281EC574C1000CB379 /* PBXTargetDependency */ = {
			isa = PBXTargetDependency;
			target = 6F0494061EC574BF000CB379 /* NSURLSession */;
			targetProxy = 6F0494271EC574C1000CB379 /* PBXContainerItemProxy */;
		};
/* End PBXTargetDependency section */

/* Begin PBXVariantGroup section */
		6F04940E1EC574C0000CB379 /* Main.storyboard */ = {
			isa = PBXVariantGroup;
			children = (
				6F04940F1EC574C0000CB379 /* Base */,
			);
			name = Main.storyboard;
			sourceTree = "<group>";
		};
		6F0494131EC574C0000CB379 /* LaunchScreen.storyboard */ = {
			isa = PBXVariantGroup;
			children = (
				6F0494141EC574C0000CB379 /* Base */,
			);
			name = LaunchScreen.storyboard;
			sourceTree = "<group>";
		};
/* End PBXVariantGroup section */

/* Begin XCBuildConfiguration section */
		6F04942D1EC574C1000CB379 /* Debug */ = {
			isa = XCBuildConfiguration;
			buildSettings = {
				ALWAYS_SEARCH_USER_PATHS = NO;
				CLANG_ANALYZER_NONNULL = YES;
				CLANG_ANALYZER_NUMBER_OBJECT_CONVERSION = YES_AGGRESSIVE;
				CLANG_CXX_LANGUAGE_STANDARD = "gnu++0x";
				CLANG_CXX_LIBRARY = "libc++";
				CLANG_ENABLE_MODULES = YES;
				CLANG_ENABLE_OBJC_ARC = YES;
				CLANG_WARN_BOOL_CONVERSION = YES;
				CLANG_WARN_CONSTANT_CONVERSION = YES;
				CLANG_WARN_DIRECT_OBJC_ISA_USAGE = YES_ERROR;
				CLANG_WARN_DOCUMENTATION_COMMENTS = YES;
				CLANG_WARN_EMPTY_BODY = YES;
				CLANG_WARN_ENUM_CONVERSION = YES;
				CLANG_WARN_INFINITE_RECURSION = YES;
				CLANG_WARN_INT_CONVERSION = YES;
				CLANG_WARN_OBJC_ROOT_CLASS = YES_ERROR;
				CLANG_WARN_SUSPICIOUS_MOVE = YES;
				CLANG_WARN_UNREACHABLE_CODE = YES;
				CLANG_WARN__DUPLICATE_METHOD_MATCH = YES;
				"CODE_SIGN_IDENTITY[sdk=iphoneos*]" = "iPhone Developer";
				COPY_PHASE_STRIP = NO;
				DEBUG_INFORMATION_FORMAT = dwarf;
				ENABLE_STRICT_OBJC_MSGSEND = YES;
				ENABLE_TESTABILITY = YES;
				GCC_C_LANGUAGE_STANDARD = gnu99;
				GCC_DYNAMIC_NO_PIC = NO;
				GCC_NO_COMMON_BLOCKS = YES;
				GCC_OPTIMIZATION_LEVEL = 0;
				GCC_PREPROCESSOR_DEFINITIONS = (
					"DEBUG=1",
					"$(inherited)",
				);
				GCC_WARN_64_TO_32_BIT_CONVERSION = YES;
				GCC_WARN_ABOUT_RETURN_TYPE = YES_ERROR;
				GCC_WARN_UNDECLARED_SELECTOR = YES;
				GCC_WARN_UNINITIALIZED_AUTOS = YES_AGGRESSIVE;
				GCC_WARN_UNUSED_FUNCTION = YES;
				GCC_WARN_UNUSED_VARIABLE = YES;
				IPHONEOS_DEPLOYMENT_TARGET = 10.3;
				MTL_ENABLE_DEBUG_INFO = YES;
				ONLY_ACTIVE_ARCH = YES;
				SDKROOT = iphoneos;
				SWIFT_ACTIVE_COMPILATION_CONDITIONS = DEBUG;
				SWIFT_OPTIMIZATION_LEVEL = "-Onone";
				TARGETED_DEVICE_FAMILY = "1,2";
			};
			name = Debug;
		};
		6F04942E1EC574C1000CB379 /* Release */ = {
			isa = XCBuildConfiguration;
			buildSettings = {
				ALWAYS_SEARCH_USER_PATHS = NO;
				CLANG_ANALYZER_NONNULL = YES;
				CLANG_ANALYZER_NUMBER_OBJECT_CONVERSION = YES_AGGRESSIVE;
				CLANG_CXX_LANGUAGE_STANDARD = "gnu++0x";
				CLANG_CXX_LIBRARY = "libc++";
				CLANG_ENABLE_MODULES = YES;
				CLANG_ENABLE_OBJC_ARC = YES;
				CLANG_WARN_BOOL_CONVERSION = YES;
				CLANG_WARN_CONSTANT_CONVERSION = YES;
				CLANG_WARN_DIRECT_OBJC_ISA_USAGE = YES_ERROR;
				CLANG_WARN_DOCUMENTATION_COMMENTS = YES;
				CLANG_WARN_EMPTY_BODY = YES;
				CLANG_WARN_ENUM_CONVERSION = YES;
				CLANG_WARN_INFINITE_RECURSION = YES;
				CLANG_WARN_INT_CONVERSION = YES;
				CLANG_WARN_OBJC_ROOT_CLASS = YES_ERROR;
				CLANG_WARN_SUSPICIOUS_MOVE = YES;
				CLANG_WARN_UNREACHABLE_CODE = YES;
				CLANG_WARN__DUPLICATE_METHOD_MATCH = YES;
				"CODE_SIGN_IDENTITY[sdk=iphoneos*]" = "iPhone Developer";
				COPY_PHASE_STRIP = NO;
				DEBUG_INFORMATION_FORMAT = "dwarf-with-dsym";
				ENABLE_NS_ASSERTIONS = NO;
				ENABLE_STRICT_OBJC_MSGSEND = YES;
				GCC_C_LANGUAGE_STANDARD = gnu99;
				GCC_NO_COMMON_BLOCKS = YES;
				GCC_WARN_64_TO_32_BIT_CONVERSION = YES;
				GCC_WARN_ABOUT_RETURN_TYPE = YES_ERROR;
				GCC_WARN_UNDECLARED_SELECTOR = YES;
				GCC_WARN_UNINITIALIZED_AUTOS = YES_AGGRESSIVE;
				GCC_WARN_UNUSED_FUNCTION = YES;
				GCC_WARN_UNUSED_VARIABLE = YES;
				IPHONEOS_DEPLOYMENT_TARGET = 10.3;
				MTL_ENABLE_DEBUG_INFO = NO;
				SDKROOT = iphoneos;
				SWIFT_OPTIMIZATION_LEVEL = "-Owholemodule";
				TARGETED_DEVICE_FAMILY = "1,2";
				VALIDATE_PRODUCT = YES;
			};
			name = Release;
		};
		6F0494301EC574C1000CB379 /* Debug */ = {
			isa = XCBuildConfiguration;
			buildSettings = {
				ASSETCATALOG_COMPILER_APPICON_NAME = AppIcon;
				INFOPLIST_FILE = NSURLSession/Info.plist;
				LD_RUNPATH_SEARCH_PATHS = "$(inherited) @executable_path/Frameworks";
				PRODUCT_BUNDLE_IDENTIFIER = CandySearch.NSURLSession;
				PRODUCT_NAME = "$(TARGET_NAME)";
				SWIFT_VERSION = 3.0;
			};
			name = Debug;
		};
		6F0494311EC574C1000CB379 /* Release */ = {
			isa = XCBuildConfiguration;
			buildSettings = {
				ASSETCATALOG_COMPILER_APPICON_NAME = AppIcon;
				INFOPLIST_FILE = NSURLSession/Info.plist;
				LD_RUNPATH_SEARCH_PATHS = "$(inherited) @executable_path/Frameworks";
				PRODUCT_BUNDLE_IDENTIFIER = CandySearch.NSURLSession;
				PRODUCT_NAME = "$(TARGET_NAME)";
				SWIFT_VERSION = 3.0;
			};
			name = Release;
		};
		6F0494331EC574C1000CB379 /* Debug */ = {
			isa = XCBuildConfiguration;
			buildSettings = {
				ALWAYS_EMBED_SWIFT_STANDARD_LIBRARIES = YES;
				BUNDLE_LOADER = "$(TEST_HOST)";
				INFOPLIST_FILE = NSURLSessionTests/Info.plist;
				LD_RUNPATH_SEARCH_PATHS = "$(inherited) @executable_path/Frameworks @loader_path/Frameworks";
				PRODUCT_BUNDLE_IDENTIFIER = CandySearch.NSURLSessionTests;
				PRODUCT_NAME = "$(TARGET_NAME)";
				SWIFT_VERSION = 3.0;
				TEST_HOST = "$(BUILT_PRODUCTS_DIR)/NSURLSession.app/NSURLSession";
			};
			name = Debug;
		};
		6F0494341EC574C1000CB379 /* Release */ = {
			isa = XCBuildConfiguration;
			buildSettings = {
				ALWAYS_EMBED_SWIFT_STANDARD_LIBRARIES = YES;
				BUNDLE_LOADER = "$(TEST_HOST)";
				INFOPLIST_FILE = NSURLSessionTests/Info.plist;
				LD_RUNPATH_SEARCH_PATHS = "$(inherited) @executable_path/Frameworks @loader_path/Frameworks";
				PRODUCT_BUNDLE_IDENTIFIER = CandySearch.NSURLSessionTests;
				PRODUCT_NAME = "$(TARGET_NAME)";
				SWIFT_VERSION = 3.0;
				TEST_HOST = "$(BUILT_PRODUCTS_DIR)/NSURLSession.app/NSURLSession";
			};
			name = Release;
		};
		6F0494361EC574C1000CB379 /* Debug */ = {
			isa = XCBuildConfiguration;
			buildSettings = {
				ALWAYS_EMBED_SWIFT_STANDARD_LIBRARIES = YES;
				INFOPLIST_FILE = NSURLSessionUITests/Info.plist;
				LD_RUNPATH_SEARCH_PATHS = "$(inherited) @executable_path/Frameworks @loader_path/Frameworks";
				PRODUCT_BUNDLE_IDENTIFIER = CandySearch.NSURLSessionUITests;
				PRODUCT_NAME = "$(TARGET_NAME)";
				SWIFT_VERSION = 3.0;
				TEST_TARGET_NAME = NSURLSession;
			};
			name = Debug;
		};
		6F0494371EC574C1000CB379 /* Release */ = {
			isa = XCBuildConfiguration;
			buildSettings = {
				ALWAYS_EMBED_SWIFT_STANDARD_LIBRARIES = YES;
				INFOPLIST_FILE = NSURLSessionUITests/Info.plist;
				LD_RUNPATH_SEARCH_PATHS = "$(inherited) @executable_path/Frameworks @loader_path/Frameworks";
				PRODUCT_BUNDLE_IDENTIFIER = CandySearch.NSURLSessionUITests;
				PRODUCT_NAME = "$(TARGET_NAME)";
				SWIFT_VERSION = 3.0;
				TEST_TARGET_NAME = NSURLSession;
			};
			name = Release;
		};
/* End XCBuildConfiguration section */

/* Begin XCConfigurationList section */
		6F0494021EC574BF000CB379 /* Build configuration list for PBXProject "NSURLSession" */ = {
			isa = XCConfigurationList;
			buildConfigurations = (
				6F04942D1EC574C1000CB379 /* Debug */,
				6F04942E1EC574C1000CB379 /* Release */,
			);
			defaultConfigurationIsVisible = 0;
			defaultConfigurationName = Release;
		};
		6F04942F1EC574C1000CB379 /* Build configuration list for PBXNativeTarget "NSURLSession" */ = {
			isa = XCConfigurationList;
			buildConfigurations = (
				6F0494301EC574C1000CB379 /* Debug */,
				6F0494311EC574C1000CB379 /* Release */,
			);
			defaultConfigurationIsVisible = 0;
		};
		6F0494321EC574C1000CB379 /* Build configuration list for PBXNativeTarget "NSURLSessionTests" */ = {
			isa = XCConfigurationList;
			buildConfigurations = (
				6F0494331EC574C1000CB379 /* Debug */,
				6F0494341EC574C1000CB379 /* Release */,
			);
			defaultConfigurationIsVisible = 0;
		};
		6F0494351EC574C1000CB379 /* Build configuration list for PBXNativeTarget "NSURLSessionUITests" */ = {
			isa = XCConfigurationList;
			buildConfigurations = (
				6F0494361EC574C1000CB379 /* Debug */,
				6F0494371EC574C1000CB379 /* Release */,
			);
			defaultConfigurationIsVisible = 0;
		};
/* End XCConfigurationList section */
	};
	rootObject = 6F0493FF1EC574BF000CB379 /* Project object */;
}
